{
  "name": "goit-js-hw-08--not_fork",
  "version": "1.0.0",
  "lockfileVersion": 2,
  "requires": true,
  "packages": {
    "": {
      "name": "goit-js-hw-08--not_fork",
      "version": "1.0.0",
      "license": "ISC",
      "dependencies": {
        "@vimeo/player": "^2.18.0",
        "lodash.throttle": "^4.1.1",
        "modern-normalize": "^1.1.0",
        "simplelightbox": "^2.11.0"
      }
    },
    "node_modules/@vimeo/player": {
      "version": "2.18.0",
      "resolved": "https://registry.npmjs.org/@vimeo/player/-/player-2.18.0.tgz",
      "integrity": "sha512-AJ8LQJ0WQXoPO6GBiMRmcBpdpUMnNm12blG/H80BgKD75w/+pLw0t1vzDHCE915O2OlFau6u1Q0QVw2HS1eRvg==",
      "dependencies": {
        "native-promise-only": "0.8.1",
        "weakmap-polyfill": "2.0.4"
      }
    },
    "node_modules/lodash.throttle": {
      "version": "4.1.1",
      "resolved": "https://registry.npmjs.org/lodash.throttle/-/lodash.throttle-4.1.1.tgz",
      "integrity": "sha512-wIkUCfVKpVsWo3JSZlc+8MB5it+2AN5W8J7YVMST30UrvcQNZ1Okbj+rbVniijTWE6FGYy4XJq/rHkas8qJMLQ=="
    },
    "node_modules/modern-normalize": {
      "version": "1.1.0",
      "resolved": "https://registry.npmjs.org/modern-normalize/-/modern-normalize-1.1.0.tgz",
      "integrity": "sha512-2lMlY1Yc1+CUy0gw4H95uNN7vjbpoED7NNRSBHE25nWfLBdmMzFCsPshlzbxHz+gYMcBEUN8V4pU16prcdPSgA==",
      "engines": {
        "node": ">=6"
      },
      "funding": {
        "url": "https://github.com/sponsors/sindresorhus"
      }
    },
    "node_modules/native-promise-only": {
      "version": "0.8.1",
      "resolved": "https://registry.npmjs.org/native-promise-only/-/native-promise-only-0.8.1.tgz",
      "integrity": "sha512-zkVhZUA3y8mbz652WrL5x0fB0ehrBkulWT3TomAQ9iDtyXZvzKeEA6GPxAItBYeNYl5yngKRX612qHOhvMkDeg=="
    },
    "node_modules/simplelightbox": {
      "version": "2.11.0",
      "resolved": "https://registry.npmjs.org/simplelightbox/-/simplelightbox-2.11.0.tgz",
      "integrity": "sha512-+ylze7HQqnksITf2egX7/6XjsMdFMz80j70oFrKwlac2lQ2InO6JcE+75aGaAh8uG3O3rClJyE4hcQpgKQZ2Ig=="
    },
    "node_modules/weakmap-polyfill": {
      "version": "2.0.4",
      "resolved": "https://registry.npmjs.org/weakmap-polyfill/-/weakmap-polyfill-2.0.4.tgz",
      "integrity": "sha512-ZzxBf288iALJseijWelmECm/1x7ZwQn3sMYIkDr2VvZp7r6SEKuT8D0O9Wiq6L9Nl5mazrOMcmiZE/2NCenaxw==",
      "engines": {
        "node": ">=8.10.0"
      }
    }
  },
  "dependencies": {
    "@vimeo/player": {
      "version": "2.18.0",
      "resolved": "https://registry.npmjs.org/@vimeo/player/-/player-2.18.0.tgz",
      "integrity": "sha512-AJ8LQJ0WQXoPO6GBiMRmcBpdpUMnNm12blG/H80BgKD75w/+pLw0t1vzDHCE915O2OlFau6u1Q0QVw2HS1eRvg==",
      "requires": {
        "native-promise-only": "0.8.1",
        "weakmap-polyfill": "2.0.4"
      }
    },
    "lodash.throttle": {
      "version": "4.1.1",
      "resolved": "https://registry.npmjs.org/lodash.throttle/-/lodash.throttle-4.1.1.tgz",
      "integrity": "sha512-wIkUCfVKpVsWo3JSZlc+8MB5it+2AN5W8J7YVMST30UrvcQNZ1Okbj+rbVniijTWE6FGYy4XJq/rHkas8qJMLQ=="
    },
    "modern-normalize": {
      "version": "1.1.0",
      "resolved": "https://registry.npmjs.org/modern-normalize/-/modern-normalize-1.1.0.tgz",
      "integrity": "sha512-2lMlY1Yc1+CUy0gw4H95uNN7vjbpoED7NNRSBHE25nWfLBdmMzFCsPshlzbxHz+gYMcBEUN8V4pU16prcdPSgA=="
    },
    "native-promise-only": {
      "version": "0.8.1",
      "resolved": "https://registry.npmjs.org/native-promise-only/-/native-promise-only-0.8.1.tgz",
      "integrity": "sha512-zkVhZUA3y8mbz652WrL5x0fB0ehrBkulWT3TomAQ9iDtyXZvzKeEA6GPxAItBYeNYl5yngKRX612qHOhvMkDeg=="
    },
    "simplelightbox": {
      "version": "2.11.0",
      "resolved": "https://registry.npmjs.org/simplelightbox/-/simplelightbox-2.11.0.tgz",
      "integrity": "sha512-+ylze7HQqnksITf2egX7/6XjsMdFMz80j70oFrKwlac2lQ2InO6JcE+75aGaAh8uG3O3rClJyE4hcQpgKQZ2Ig=="
    },
    "weakmap-polyfill": {
      "version": "2.0.4",
      "resolved": "https://registry.npmjs.org/weakmap-polyfill/-/weakmap-polyfill-2.0.4.tgz",
      "integrity": "sha512-ZzxBf288iALJseijWelmECm/1x7ZwQn3sMYIkDr2VvZp7r6SEKuT8D0O9Wiq6L9Nl5mazrOMcmiZE/2NCenaxw=="
    }
  }
}
